
Microsoft Visual Studio Solution File, Format Version 12.00
# Visual Studio 15
VisualStudioVersion = 15.0.26124.0
MinimumVisualStudioVersion = 15.0.26124.0
Project("{9A19103F-16F7-4668-BE54-9A1E7A4F7556}") = "Benchmarks", "Benchmarks\Benchmarks.csproj", "{09F06D02-0960-4913-A4C2-003F22B6BD3F}"
EndProject
Project("{9A19103F-16F7-4668-BE54-9A1E7A4F7556}") = "DotTraceExamples", "DotTraceExamples\DotTraceExamples.csproj", "{E1023278-34EC-4993-8F04-7D94A341DAAA}"
EndProject
Project("{9A19103F-16F7-4668-BE54-9A1E7A4F7556}") = "JPEG", "JPEG\JPEG.csproj", "{3C5B40C0-7AC3-47C6-A3A6-D6B24711BD88}"
EndProject
Project("{FAE04EC0-301F-11D3-BF4B-00C04F79EFBC}") = "BenchmarksTaskSolve", "BenchmarksTaskSolve\BenchmarksTaskSolve.csproj", "{44F64F6D-DF19-4F45-BD79-EE0FD6078ABD}"
EndProject
Project("{FAE04EC0-301F-11D3-BF4B-00C04F79EFBC}") = "DotTraceExamplesTaskSolve", "DotTraceExamplesTaskSolve\DotTraceExamplesTaskSolve.csproj", "{C13764EF-915C-4D55-845B-6DF0A72F2E5B}"
EndProject
Project("{FAE04EC0-301F-11D3-BF4B-00C04F79EFBC}") = "DotTraceExamplesTest", "DotTraceExamplesTest\DotTraceExamplesTest.csproj", "{761DE395-7443-45EC-9234-FDB52D8776A3}"
EndProject
Project("{FAE04EC0-301F-11D3-BF4B-00C04F79EFBC}") = "JPEG.Benchmarks", "JPEG.Benchmarks\JPEG.Benchmarks.csproj", "{53B095E7-3477-4A3E-9C8B-72DC3CB1B0CE}"
EndProject
Global
	GlobalSection(SolutionConfigurationPlatforms) = preSolution
		Debug|Any CPU = Debug|Any CPU
		Debug|x64 = Debug|x64
		Debug|x86 = Debug|x86
		Release|Any CPU = Release|Any CPU
		Release|x64 = Release|x64
		Release|x86 = Release|x86
	EndGlobalSection
	GlobalSection(ProjectConfigurationPlatforms) = postSolution
		{09F06D02-0960-4913-A4C2-003F22B6BD3F}.Debug|Any CPU.ActiveCfg = Debug|Any CPU
		{09F06D02-0960-4913-A4C2-003F22B6BD3F}.Debug|Any CPU.Build.0 = Debug|Any CPU
		{09F06D02-0960-4913-A4C2-003F22B6BD3F}.Debug|x64.ActiveCfg = Debug|Any CPU
		{09F06D02-0960-4913-A4C2-003F22B6BD3F}.Debug|x64.Build.0 = Debug|Any CPU
		{09F06D02-0960-4913-A4C2-003F22B6BD3F}.Debug|x86.ActiveCfg = Debug|Any CPU
		{09F06D02-0960-4913-A4C2-003F22B6BD3F}.Debug|x86.Build.0 = Debug|Any CPU
		{09F06D02-0960-4913-A4C2-003F22B6BD3F}.Release|Any CPU.ActiveCfg = Release|Any CPU
		{09F06D02-0960-4913-A4C2-003F22B6BD3F}.Release|Any CPU.Build.0 = Release|Any CPU
		{09F06D02-0960-4913-A4C2-003F22B6BD3F}.Release|x64.ActiveCfg = Release|Any CPU
		{09F06D02-0960-4913-A4C2-003F22B6BD3F}.Release|x64.Build.0 = Release|Any CPU
		{09F06D02-0960-4913-A4C2-003F22B6BD3F}.Release|x86.ActiveCfg = Release|Any CPU
		{09F06D02-0960-4913-A4C2-003F22B6BD3F}.Release|x86.Build.0 = Release|Any CPU
		{E1023278-34EC-4993-8F04-7D94A341DAAA}.Debug|Any CPU.ActiveCfg = Debug|Any CPU
		{E1023278-34EC-4993-8F04-7D94A341DAAA}.Debug|Any CPU.Build.0 = Debug|Any CPU
		{E1023278-34EC-4993-8F04-7D94A341DAAA}.Debug|x64.ActiveCfg = Debug|Any CPU
		{E1023278-34EC-4993-8F04-7D94A341DAAA}.Debug|x64.Build.0 = Debug|Any CPU
		{E1023278-34EC-4993-8F04-7D94A341DAAA}.Debug|x86.ActiveCfg = Debug|Any CPU
		{E1023278-34EC-4993-8F04-7D94A341DAAA}.Debug|x86.Build.0 = Debug|Any CPU
		{E1023278-34EC-4993-8F04-7D94A341DAAA}.Release|Any CPU.ActiveCfg = Release|Any CPU
		{E1023278-34EC-4993-8F04-7D94A341DAAA}.Release|Any CPU.Build.0 = Release|Any CPU
		{E1023278-34EC-4993-8F04-7D94A341DAAA}.Release|x64.ActiveCfg = Release|Any CPU
		{E1023278-34EC-4993-8F04-7D94A341DAAA}.Release|x64.Build.0 = Release|Any CPU
		{E1023278-34EC-4993-8F04-7D94A341DAAA}.Release|x86.ActiveCfg = Release|Any CPU
		{E1023278-34EC-4993-8F04-7D94A341DAAA}.Release|x86.Build.0 = Release|Any CPU
		{3C5B40C0-7AC3-47C6-A3A6-D6B24711BD88}.Debug|Any CPU.ActiveCfg = Debug|Any CPU
		{3C5B40C0-7AC3-47C6-A3A6-D6B24711BD88}.Debug|Any CPU.Build.0 = Debug|Any CPU
		{3C5B40C0-7AC3-47C6-A3A6-D6B24711BD88}.Debug|x64.ActiveCfg = Debug|Any CPU
		{3C5B40C0-7AC3-47C6-A3A6-D6B24711BD88}.Debug|x64.Build.0 = Debug|Any CPU
		{3C5B40C0-7AC3-47C6-A3A6-D6B24711BD88}.Debug|x86.ActiveCfg = Debug|Any CPU
		{3C5B40C0-7AC3-47C6-A3A6-D6B24711BD88}.Debug|x86.Build.0 = Debug|Any CPU
		{3C5B40C0-7AC3-47C6-A3A6-D6B24711BD88}.Release|Any CPU.ActiveCfg = Release|Any CPU
		{3C5B40C0-7AC3-47C6-A3A6-D6B24711BD88}.Release|Any CPU.Build.0 = Release|Any CPU
		{3C5B40C0-7AC3-47C6-A3A6-D6B24711BD88}.Release|x64.ActiveCfg = Release|Any CPU
		{3C5B40C0-7AC3-47C6-A3A6-D6B24711BD88}.Release|x64.Build.0 = Release|Any CPU
		{3C5B40C0-7AC3-47C6-A3A6-D6B24711BD88}.Release|x86.ActiveCfg = Release|Any CPU
		{3C5B40C0-7AC3-47C6-A3A6-D6B24711BD88}.Release|x86.Build.0 = Release|Any CPU
		{44F64F6D-DF19-4F45-BD79-EE0FD6078ABD}.Debug|Any CPU.ActiveCfg = Debug|Any CPU
		{44F64F6D-DF19-4F45-BD79-EE0FD6078ABD}.Debug|Any CPU.Build.0 = Debug|Any CPU
		{44F64F6D-DF19-4F45-BD79-EE0FD6078ABD}.Debug|x64.ActiveCfg = Debug|Any CPU
		{44F64F6D-DF19-4F45-BD79-EE0FD6078ABD}.Debug|x64.Build.0 = Debug|Any CPU
		{44F64F6D-DF19-4F45-BD79-EE0FD6078ABD}.Debug|x86.ActiveCfg = Debug|Any CPU
		{44F64F6D-DF19-4F45-BD79-EE0FD6078ABD}.Debug|x86.Build.0 = Debug|Any CPU
		{44F64F6D-DF19-4F45-BD79-EE0FD6078ABD}.Release|Any CPU.ActiveCfg = Release|Any CPU
		{44F64F6D-DF19-4F45-BD79-EE0FD6078ABD}.Release|Any CPU.Build.0 = Release|Any CPU
		{44F64F6D-DF19-4F45-BD79-EE0FD6078ABD}.Release|x64.ActiveCfg = Release|Any CPU
		{44F64F6D-DF19-4F45-BD79-EE0FD6078ABD}.Release|x64.Build.0 = Release|Any CPU
		{44F64F6D-DF19-4F45-BD79-EE0FD6078ABD}.Release|x86.ActiveCfg = Release|Any CPU
		{44F64F6D-DF19-4F45-BD79-EE0FD6078ABD}.Release|x86.Build.0 = Release|Any CPU
		{C13764EF-915C-4D55-845B-6DF0A72F2E5B}.Debug|Any CPU.ActiveCfg = Debug|Any CPU
		{C13764EF-915C-4D55-845B-6DF0A72F2E5B}.Debug|Any CPU.Build.0 = Debug|Any CPU
		{C13764EF-915C-4D55-845B-6DF0A72F2E5B}.Debug|x64.ActiveCfg = Debug|Any CPU
		{C13764EF-915C-4D55-845B-6DF0A72F2E5B}.Debug|x64.Build.0 = Debug|Any CPU
		{C13764EF-915C-4D55-845B-6DF0A72F2E5B}.Debug|x86.ActiveCfg = Debug|Any CPU
		{C13764EF-915C-4D55-845B-6DF0A72F2E5B}.Debug|x86.Build.0 = Debug|Any CPU
		{C13764EF-915C-4D55-845B-6DF0A72F2E5B}.Release|Any CPU.ActiveCfg = Release|Any CPU
		{C13764EF-915C-4D55-845B-6DF0A72F2E5B}.Release|Any CPU.Build.0 = Release|Any CPU
		{C13764EF-915C-4D55-845B-6DF0A72F2E5B}.Release|x64.ActiveCfg = Release|Any CPU
		{C13764EF-915C-4D55-845B-6DF0A72F2E5B}.Release|x64.Build.0 = Release|Any CPU
		{C13764EF-915C-4D55-845B-6DF0A72F2E5B}.Release|x86.ActiveCfg = Release|Any CPU
		{C13764EF-915C-4D55-845B-6DF0A72F2E5B}.Release|x86.Build.0 = Release|Any CPU
		{761DE395-7443-45EC-9234-FDB52D8776A3}.Debug|Any CPU.ActiveCfg = Debug|Any CPU
		{761DE395-7443-45EC-9234-FDB52D8776A3}.Debug|Any CPU.Build.0 = Debug|Any CPU
		{761DE395-7443-45EC-9234-FDB52D8776A3}.Debug|x64.ActiveCfg = Debug|Any CPU
		{761DE395-7443-45EC-9234-FDB52D8776A3}.Debug|x64.Build.0 = Debug|Any CPU
		{761DE395-7443-45EC-9234-FDB52D8776A3}.Debug|x86.ActiveCfg = Debug|Any CPU
		{761DE395-7443-45EC-9234-FDB52D8776A3}.Debug|x86.Build.0 = Debug|Any CPU
		{761DE395-7443-45EC-9234-FDB52D8776A3}.Release|Any CPU.ActiveCfg = Release|Any CPU
		{761DE395-7443-45EC-9234-FDB52D8776A3}.Release|Any CPU.Build.0 = Release|Any CPU
		{761DE395-7443-45EC-9234-FDB52D8776A3}.Release|x64.ActiveCfg = Release|Any CPU
		{761DE395-7443-45EC-9234-FDB52D8776A3}.Release|x64.Build.0 = Release|Any CPU
		{761DE395-7443-45EC-9234-FDB52D8776A3}.Release|x86.ActiveCfg = Release|Any CPU
		{761DE395-7443-45EC-9234-FDB52D8776A3}.Release|x86.Build.0 = Release|Any CPU
		{53B095E7-3477-4A3E-9C8B-72DC3CB1B0CE}.Debug|Any CPU.ActiveCfg = Debug|Any CPU
		{53B095E7-3477-4A3E-9C8B-72DC3CB1B0CE}.Debug|Any CPU.Build.0 = Debug|Any CPU
		{53B095E7-3477-4A3E-9C8B-72DC3CB1B0CE}.Debug|x64.ActiveCfg = Debug|Any CPU
		{53B095E7-3477-4A3E-9C8B-72DC3CB1B0CE}.Debug|x64.Build.0 = Debug|Any CPU
		{53B095E7-3477-4A3E-9C8B-72DC3CB1B0CE}.Debug|x86.ActiveCfg = Debug|Any CPU
		{53B095E7-3477-4A3E-9C8B-72DC3CB1B0CE}.Debug|x86.Build.0 = Debug|Any CPU
		{53B095E7-3477-4A3E-9C8B-72DC3CB1B0CE}.Release|Any CPU.ActiveCfg = Release|Any CPU
		{53B095E7-3477-4A3E-9C8B-72DC3CB1B0CE}.Release|Any CPU.Build.0 = Release|Any CPU
		{53B095E7-3477-4A3E-9C8B-72DC3CB1B0CE}.Release|x64.ActiveCfg = Release|Any CPU
		{53B095E7-3477-4A3E-9C8B-72DC3CB1B0CE}.Release|x64.Build.0 = Release|Any CPU
		{53B095E7-3477-4A3E-9C8B-72DC3CB1B0CE}.Release|x86.ActiveCfg = Release|Any CPU
		{53B095E7-3477-4A3E-9C8B-72DC3CB1B0CE}.Release|x86.Build.0 = Release|Any CPU
	EndGlobalSection
	GlobalSection(SolutionProperties) = preSolution
		HideSolutionNode = FALSE
	EndGlobalSection
	GlobalSection(ExtensibilityGlobals) = postSolution
		SolutionGuid = {91F08DFE-EBCA-4299-B162-9C624261397A}
	EndGlobalSection
EndGlobal
